
Microsoft Visual Studio Solution File, Format Version 12.00
# Visual Studio Version 17
VisualStudioVersion = 17.6.33815.320
MinimumVisualStudioVersion = 10.0.40219.1
Project("{9A19103F-16F7-4668-BE54-9A1E7A4F7556}") = "RabbitMQ_DownloadFiles", "RabbitMQ_DownloadFiles.csproj", "{AEFC501F-EC1F-4802-93FB-5B243D4E1D46}"
EndProject
Global
	GlobalSection(SolutionConfigurationPlatforms) = preSolution
		Debug|Any CPU = Debug|Any CPU
		Release|Any CPU = Release|Any CPU
	EndGlobalSection
	GlobalSection(ProjectConfigurationPlatforms) = postSolution
		{AEFC501F-EC1F-4802-93FB-5B243D4E1D46}.Debug|Any CPU.ActiveCfg = Debug|Any CPU
		{AEFC501F-EC1F-4802-93FB-5B243D4E1D46}.Debug|Any CPU.Build.0 = Debug|Any CPU
		{AEFC501F-EC1F-4802-93FB-5B243D4E1D46}.Release|Any CPU.ActiveCfg = Release|Any CPU
		{AEFC501F-EC1F-4802-93FB-5B243D4E1D46}.Release|Any CPU.Build.0 = Release|Any CPU
	EndGlobalSection
	GlobalSection(SolutionProperties) = preSolution
		HideSolutionNode = FALSE
	EndGlobalSection
	GlobalSection(ExtensibilityGlobals) = postSolution
		SolutionGuid = {576A9611-4554-4763-B137-10AA8BEE7300}
	EndGlobalSection
EndGlobal
